
Microsoft Visual Studio Solution File, Format Version 12.00
# Visual Studio 15
VisualStudioVersion = 15.0.27130.0
MinimumVisualStudioVersion = 10.0.40219.1
Project("{F184B08F-C81C-45F6-A57F-5ABD9991F28F}") = "Shoot em Up", "Shoot em Up\Shoot em Up.vbproj", "{8D3E0520-03E0-4765-AC35-50898CAF96A3}"
EndProject
Global
	GlobalSection(SolutionConfigurationPlatforms) = preSolution
		Debug|Any CPU = Debug|Any CPU
		Release|Any CPU = Release|Any CPU
	EndGlobalSection
	GlobalSection(ProjectConfigurationPlatforms) = postSolution
		{8D3E0520-03E0-4765-AC35-50898CAF96A3}.Debug|Any CPU.ActiveCfg = Debug|Any CPU
		{8D3E0520-03E0-4765-AC35-50898CAF96A3}.Debug|Any CPU.Build.0 = Debug|Any CPU
		{8D3E0520-03E0-4765-AC35-50898CAF96A3}.Release|Any CPU.ActiveCfg = Release|Any CPU
		{8D3E0520-03E0-4765-AC35-50898CAF96A3}.Release|Any CPU.Build.0 = Release|Any CPU
	EndGlobalSection
	GlobalSection(SolutionProperties) = preSolution
		HideSolutionNode = FALSE
	EndGlobalSection
	GlobalSection(ExtensibilityGlobals) = postSolution
		SolutionGuid = {20B73BDF-4F7A-42C0-BABA-0C46AE949B80}
	EndGlobalSection
EndGlobal
